{
  "originHash" : "391dd43815cda394875a92c7c179435d6f21db9e04642069341be07147aeb246",
  "pins" : [
    {
      "identity" : "amplitude-swift",
      "kind" : "remoteSourceControl",
      "location" : "https://github.com/amplitude/Amplitude-Swift",
      "state" : {
        "revision" : "a065ef291bce79ba2812028d2826f033d47cd599",
        "version" : "1.13.8"
      }
    },
    {
      "identity" : "amplitudecore-swift",
      "kind" : "remoteSourceControl",
      "location" : "https://github.com/amplitude/AmplitudeCore-Swift.git",
      "state" : {
        "revision" : "13fd0eb0aa080816ffa409669758b2e8787322b2",
        "version" : "1.1.0"
      }
    },
    {
      "identity" : "analytics-connector-ios",
      "kind" : "remoteSourceControl",
      "location" : "https://github.com/amplitude/analytics-connector-ios.git",
      "state" : {
        "revision" : "4adbfe85486e6dcdcdca5fa9362097ffe5ec712b",
        "version" : "1.3.1"
      }
    },
    {
      "identity" : "sparkle",
      "kind" : "remoteSourceControl",
      "location" : "https://github.com/sparkle-project/Sparkle",
      "state" : {
        "revision" : "df074165274afaa39539c05d57b0832620775b11",
        "version" : "2.7.1"
      }
    }
  ],
  "version" : 3
}
