// !$*UTF8*$!
{
	archiveVersion = 1;
	classes = {
	};
	objectVersion = 60;
	objects = {

/* Begin PBXBuildFile section */
		3EE13B9B2C4F6B2900A8A61E /* AppDelegate.swift in Sources */ = {isa = PBXBuildFile; fileRef = 3EE13B8E2C4F6B2900A8A61E /* AppDelegate.swift */; };
		3EE13B9C2C4F6B2900A8A61E /* Assets.xcassets in Resources */ = {isa = PBXBuildFile; fileRef = 3EE13B932C4F6B2900A8A61E /* Assets.xcassets */; };
		3EE13B9D2C4F6B2900A8A61E /* FloatingButtonManager.swift in Sources */ = {isa = PBXBuildFile; fileRef = 3EE13B8F2C4F6B2900A8A61E /* FloatingButtonManager.swift */; };
		3EE13B9E2C4F6B2900A8A61E /* HyperchatApp.swift in Sources */ = {isa = PBXBuildFile; fileRef = 3EE13B902C4F6B2900A8A61E /* HyperchatApp.swift */; };
		3EE13B9F2C4F6B2900A8A61E /* MainMenu.xib in Resources */ = {isa = PBXBuildFile; fileRef = 3EE13B942C4F6B2900A8A61E /* MainMenu.xib */; };
		3EE13BA92C4F6B2900A8A61E /* OverlayController.swift in Sources */ = {isa = PBXBuildFile; fileRef = 3EE13BA32C4F6B2900A8A61E /* OverlayController.swift */; };
		3EE13BAA2C4F6B2900A8A61E /* PromptWindowController.swift in Sources */ = {isa = PBXBuildFile; fileRef = 3EE13BA42C4F6B2900A8A61E /* PromptWindowController.swift */; };
		3EE13BAB2C4F6B2900A8A61E /* ServiceManager.swift in Sources */ = {isa = PBXBuildFile; fileRef = 3EE13BA52C4F6B2900A8A61E /* ServiceManager.swift */; };
		3EE13BAC2C4F6B2900A8A61E /* UserAgentGenerator.swift in Sources */ = {isa = PBXBuildFile; fileRef = 3EE13BA62C4F6B2900A8A61E /* UserAgentGenerator.swift */; };
		3EE13BAD2C4F6B2900A8A61E /* NSScreen+Extensions.swift in Sources */ = {isa = PBXBuildFile; fileRef = 3EE13BA72C4F6B2900A8A61E /* NSScreen+Extensions.swift */; };
		3EE13BAE2C4F6B2900A8A61E /* ServiceConfiguration.swift in Sources */ = {isa = PBXBuildFile; fileRef = 3EE13BA82C4F6B2900A8A61E /* ServiceConfiguration.swift */; };
		BE8135E42E01E24D0059C681 /* Sparkle in Frameworks */ = {isa = PBXBuildFile; productRef = BE8135E32E01E24D0059C681 /* Sparkle */; };
		BEE13BAF2C4F6B2900A8A61E /* WebViewLogger.swift in Sources */ = {isa = PBXBuildFile; fileRef = BEE13BA92C4F6B2900A8A61E /* WebViewLogger.swift */; };
		BEE13BB02C4F6B2900A8A61E /* AutoInstaller.swift in Sources */ = {isa = PBXBuildFile; fileRef = BEE13BB12C4F6B2900A8A61E /* AutoInstaller.swift */; };
/* End PBXBuildFile section */

/* Begin PBXFileReference section */
		3EE13B8B2C4F6B2900A8A61E /* Hyperchat.app */ = {isa = PBXFileReference; explicitFileType = wrapper.application; includeInIndex = 0; path = Hyperchat.app; sourceTree = BUILT_PRODUCTS_DIR; };
		3EE13B8E2C4F6B2900A8A61E /* AppDelegate.swift */ = {isa = PBXFileReference; lastKnownFileType = sourcecode.swift; path = AppDelegate.swift; sourceTree = "<group>"; };
		3EE13B8F2C4F6B2900A8A61E /* FloatingButtonManager.swift */ = {isa = PBXFileReference; lastKnownFileType = sourcecode.swift; path = FloatingButtonManager.swift; sourceTree = "<group>"; };
		3EE13B902C4F6B2900A8A61E /* HyperchatApp.swift */ = {isa = PBXFileReference; lastKnownFileType = sourcecode.swift; path = HyperchatApp.swift; sourceTree = "<group>"; };
		3EE13B912C4F6B2900A8A61E /* Hyperchat.entitlements */ = {isa = PBXFileReference; lastKnownFileType = text.plist.entitlements; path = Hyperchat.entitlements; sourceTree = "<group>"; };
		3EE13B922C4F6B2900A8A61E /* Info.plist */ = {isa = PBXFileReference; lastKnownFileType = text.plist.xml; path = Info.plist; sourceTree = "<group>"; };
		3EE13B932C4F6B2900A8A61E /* Assets.xcassets */ = {isa = PBXFileReference; lastKnownFileType = folder.assetcatalog; path = Assets.xcassets; sourceTree = "<group>"; };
		3EE13B942C4F6B2900A8A61E /* MainMenu.xib */ = {isa = PBXFileReference; lastKnownFileType = file.xib; path = MainMenu.xib; sourceTree = "<group>"; };
		3EE13BA32C4F6B2900A8A61E /* OverlayController.swift */ = {isa = PBXFileReference; lastKnownFileType = sourcecode.swift; path = OverlayController.swift; sourceTree = "<group>"; };
		3EE13BA42C4F6B2900A8A61E /* PromptWindowController.swift */ = {isa = PBXFileReference; lastKnownFileType = sourcecode.swift; path = PromptWindowController.swift; sourceTree = "<group>"; };
		3EE13BA52C4F6B2900A8A61E /* ServiceManager.swift */ = {isa = PBXFileReference; lastKnownFileType = sourcecode.swift; path = ServiceManager.swift; sourceTree = "<group>"; };
		3EE13BA62C4F6B2900A8A61E /* UserAgentGenerator.swift */ = {isa = PBXFileReference; lastKnownFileType = sourcecode.swift; path = UserAgentGenerator.swift; sourceTree = "<group>"; };
		3EE13BA72C4F6B2900A8A61E /* NSScreen+Extensions.swift */ = {isa = PBXFileReference; lastKnownFileType = sourcecode.swift; path = "NSScreen+Extensions.swift"; sourceTree = "<group>"; };
		3EE13BA82C4F6B2900A8A61E /* ServiceConfiguration.swift */ = {isa = PBXFileReference; lastKnownFileType = sourcecode.swift; path = ServiceConfiguration.swift; sourceTree = "<group>"; };
		BEE13BA92C4F6B2900A8A61E /* WebViewLogger.swift */ = {isa = PBXFileReference; lastKnownFileType = sourcecode.swift; path = WebViewLogger.swift; sourceTree = "<group>"; };
		BEE13BB12C4F6B2900A8A61E /* AutoInstaller.swift */ = {isa = PBXFileReference; lastKnownFileType = sourcecode.swift; path = AutoInstaller.swift; sourceTree = "<group>"; };
/* End PBXFileReference section */

/* Begin PBXFrameworksBuildPhase section */
		3EE13B882C4F6B2900A8A61E /* Frameworks */ = {
			isa = PBXFrameworksBuildPhase;
			buildActionMask = 2147483647;
			files = (
				BE8135E42E01E24D0059C681 /* Sparkle in Frameworks */,
			);
			runOnlyForDeploymentPostprocessing = 0;
		};
/* End PBXFrameworksBuildPhase section */

/* Begin PBXGroup section */
		3EE13B862C4F6B2900A8A61E = {
			isa = PBXGroup;
			children = (
				3EE13B8D2C4F6B2900A8A61E /* . */,
				3EE13B8C2C4F6B2900A8A61E /* Products */,
			);
			sourceTree = "<group>";
		};
		3EE13B8C2C4F6B2900A8A61E /* Products */ = {
			isa = PBXGroup;
			children = (
				3EE13B8B2C4F6B2900A8A61E /* Hyperchat.app */,
			);
			name = Products;
			sourceTree = "<group>";
		};
		3EE13B8D2C4F6B2900A8A61E /* . */ = {
			isa = PBXGroup;
			children = (
				3EE13B8E2C4F6B2900A8A61E /* AppDelegate.swift */,
				3EE13B8F2C4F6B2900A8A61E /* FloatingButtonManager.swift */,
				3EE13B902C4F6B2900A8A61E /* HyperchatApp.swift */,
				3EE13B912C4F6B2900A8A61E /* Hyperchat.entitlements */,
				3EE13B922C4F6B2900A8A61E /* Info.plist */,
				3EE13B932C4F6B2900A8A61E /* Assets.xcassets */,
				3EE13B942C4F6B2900A8A61E /* MainMenu.xib */,
				3EE13BA32C4F6B2900A8A61E /* OverlayController.swift */,
				3EE13BA42C4F6B2900A8A61E /* PromptWindowController.swift */,
				3EE13BA52C4F6B2900A8A61E /* ServiceManager.swift */,
				3EE13BA62C4F6B2900A8A61E /* UserAgentGenerator.swift */,
				3EE13BA72C4F6B2900A8A61E /* NSScreen+Extensions.swift */,
				3EE13BA82C4F6B2900A8A61E /* ServiceConfiguration.swift */,
				BEE13BA92C4F6B2900A8A61E /* WebViewLogger.swift */,
				BEE13BB12C4F6B2900A8A61E /* AutoInstaller.swift */,
			);
			path = .;
			sourceTree = "<group>";
		};
/* End PBXGroup section */

/* Begin PBXNativeTarget section */
		3EE13B8A2C4F6B2900A8A61E /* Hyperchat */ = {
			isa = PBXNativeTarget;
			buildConfigurationList = 3EE13BA22C4F6B2900A8A61E /* Build configuration list for PBXNativeTarget "Hyperchat" */;
			buildPhases = (
				3EE13B872C4F6B2900A8A61E /* Sources */,
				3EE13B882C4F6B2900A8A61E /* Frameworks */,
				3EE13B892C4F6B2900A8A61E /* Resources */,
			);
			buildRules = (
			);
			dependencies = (
			);
			name = Hyperchat;
			productName = Hyperchat;
			productReference = 3EE13B8B2C4F6B2900A8A61E /* Hyperchat.app */;
			productType = "com.apple.product-type.application";
		};
/* End PBXNativeTarget section */

/* Begin PBXProject section */
		3EE13B842C4F6B2900A8A61E /* Project object */ = {
			isa = PBXProject;
			attributes = {
				BuildIndependentTargetsInParallel = 1;
				LastSwiftUpdateCheck = 1640;
				LastUpgradeCheck = 1640;
				TargetAttributes = {
					3EE13B8A2C4F6B2900A8A61E = {
						CreatedOnToolsVersion = 16.4;
					};
				};
			};
			buildConfigurationList = 3EE13B9A2C4F6B2900A8A61E /* Build configuration list for PBXProject "HyperChat" */;
			compatibilityVersion = "Xcode 15.0";
			developmentRegion = en;
			hasScannedForEncodings = 0;
			knownRegions = (
				en,
				Base,
			);
			mainGroup = 3EE13B862C4F6B2900A8A61E;
			packageReferences = (
				BE8135E22E01E24D0059C681 /* XCRemoteSwiftPackageReference "Sparkle" */,
			);
			productRefGroup = 3EE13B8C2C4F6B2900A8A61E /* Products */;
			projectDirPath = "";
			projectRoot = "";
			targets = (
				3EE13B8A2C4F6B2900A8A61E /* Hyperchat */,
			);
		};
/* End PBXProject section */

/* Begin PBXResourcesBuildPhase section */
		3EE13B892C4F6B2900A8A61E /* Resources */ = {
			isa = PBXResourcesBuildPhase;
			buildActionMask = 2147483647;
			files = (
				3EE13B9F2C4F6B2900A8A61E /* MainMenu.xib in Resources */,
				3EE13B9C2C4F6B2900A8A61E /* Assets.xcassets in Resources */,
			);
			runOnlyForDeploymentPostprocessing = 0;
		};
/* End PBXResourcesBuildPhase section */

/* Begin PBXSourcesBuildPhase section */
		3EE13B872C4F6B2900A8A61E /* Sources */ = {
			isa = PBXSourcesBuildPhase;
			buildActionMask = 2147483647;
			files = (
				3EE13B9E2C4F6B2900A8A61E /* HyperchatApp.swift in Sources */,
				3EE13B9B2C4F6B2900A8A61E /* AppDelegate.swift in Sources */,
				3EE13B9D2C4F6B2900A8A61E /* FloatingButtonManager.swift in Sources */,
				3EE13BA92C4F6B2900A8A61E /* OverlayController.swift in Sources */,
				3EE13BAA2C4F6B2900A8A61E /* PromptWindowController.swift in Sources */,
				3EE13BAB2C4F6B2900A8A61E /* ServiceManager.swift in Sources */,
				3EE13BAC2C4F6B2900A8A61E /* UserAgentGenerator.swift in Sources */,
				3EE13BAD2C4F6B2900A8A61E /* NSScreen+Extensions.swift in Sources */,
				3EE13BAE2C4F6B2900A8A61E /* ServiceConfiguration.swift in Sources */,
				BEE13BAF2C4F6B2900A8A61E /* WebViewLogger.swift in Sources */,
				BEE13BB02C4F6B2900A8A61E /* AutoInstaller.swift in Sources */,
			);
			runOnlyForDeploymentPostprocessing = 0;
		};
/* End PBXSourcesBuildPhase section */

/* Begin XCBuildConfiguration section */
		3EE13B982C4F6B2900A8A61E /* Debug */ = {
			isa = XCBuildConfiguration;
			buildSettings = {
				ALWAYS_SEARCH_USER_PATHS = NO;
				ASSETCATALOG_COMPILER_APPICON_NAME = AppIcon;
				CLANG_ANALYZER_NONNULL = YES;
				CLANG_ANALYZER_NUMBER_OBJECT_CONVERSION = YES_AGGRESSIVE;
				CLANG_CXX_LANGUAGE_STANDARD = "gnu++17";
				CLANG_ENABLE_MODULES = YES;
				CLANG_ENABLE_OBJC_ARC = YES;
				CLANG_ENABLE_OBJC_WEAK = YES;
				CLANG_WARN_DOCUMENTATION_COMMENTS = YES;
				CLANG_WARN_UNGUARDED_AVAILABILITY = YES_AGGRESSIVE;
				CODE_SIGN_ENTITLEMENTS = Hyperchat.entitlements;
				CODE_SIGN_STYLE = Automatic;
				COPY_PHASE_STRIP = NO;
				CURRENT_PROJECT_VERSION = 6;
				DEBUG_INFORMATION_FORMAT = dwarf;
				DEVELOPMENT_TEAM = $(APPLE_TEAM_ID);
				ENABLE_HARDENED_RUNTIME = YES;
				ENABLE_PREVIEWS = YES;
				GCC_C_LANGUAGE_STANDARD = gnu11;
				GCC_NO_COMMON_BLOCKS = YES;
				INFOPLIST_FILE = Info.plist;
				INFOPLIST_KEY_CFBundleDisplayName = Hyperchat;
				INFOPLIST_KEY_LSApplicationCategoryType = "public.app-category.productivity";
				LD_RUNPATH_SEARCH_PATHS = (
					"$(inherited)",
					"@executable_path/../Frameworks",
				);
				MACOSX_DEPLOYMENT_TARGET = 14.0;
				MARKETING_VERSION = 1.0;
				MTL_ENABLE_DEBUG_INFO = INCLUDE_SOURCE;
				PRODUCT_BUNDLE_IDENTIFIER = com.transcendence.hyperchat;
				PRODUCT_NAME = "$(TARGET_NAME)";
				SWIFT_ACTIVE_COMPILATION_CONDITIONS = DEBUG;
				SWIFT_OPTIMIZATION_LEVEL = "-Onone";
				SWIFT_VERSION = 5.0;
			};
			name = Debug;
		};
		3EE13B992C4F6B2900A8A61E /* Release */ = {
			isa = XCBuildConfiguration;
			buildSettings = {
				ALWAYS_SEARCH_USER_PATHS = NO;
				ASSETCATALOG_COMPILER_APPICON_NAME = AppIcon;
				CLANG_ANALYZER_NONNULL = YES;
				CLANG_ANALYZER_NUMBER_OBJECT_CONVERSION = YES_AGGRESSIVE;
				CLANG_CXX_LANGUAGE_STANDARD = "gnu++17";
				CLANG_ENABLE_MODULES = YES;
				CLANG_ENABLE_OBJC_ARC = YES;
				CLANG_ENABLE_OBJC_WEAK = YES;
				CLANG_WARN_DOCUMENTATION_COMMENTS = YES;
				CLANG_WARN_UNGUARDED_AVAILABILITY = YES_AGGRESSIVE;
				CODE_SIGN_ENTITLEMENTS = Hyperchat.entitlements;
				CODE_SIGN_STYLE = Automatic;
				COPY_PHASE_STRIP = YES;
				CURRENT_PROJECT_VERSION = 6;
				DEBUG_INFORMATION_FORMAT = "dwarf-with-dsym";
				DEVELOPMENT_TEAM = $(APPLE_TEAM_ID);
				ENABLE_HARDENED_RUNTIME = YES;
				ENABLE_PREVIEWS = YES;
				GCC_C_LANGUAGE_STANDARD = gnu11;
				GCC_NO_COMMON_BLOCKS = YES;
				INFOPLIST_FILE = Info.plist;
				INFOPLIST_KEY_CFBundleDisplayName = Hyperchat;
				INFOPLIST_KEY_LSApplicationCategoryType = "public.app-category.productivity";
				LD_RUNPATH_SEARCH_PATHS = (
					"$(inherited)",
					"@executable_path/../Frameworks",
				);
				MACOSX_DEPLOYMENT_TARGET = 14.0;
				MARKETING_VERSION = 1.0;
				MTL_COMPILER_PERFORMANCE_ANALYSIS = YES;
				MTL_ENABLE_DEBUG_INFO = NO;
				PRODUCT_BUNDLE_IDENTIFIER = com.transcendence.hyperchat;
				PRODUCT_NAME = "$(TARGET_NAME)";
				SWIFT_COMPILATION_MODE = wholemodule;
				SWIFT_OPTIMIZATION_LEVEL = "-O";
				SWIFT_VERSION = 5.0;
			};
			name = Release;
		};
/* End XCBuildConfiguration section */

/* Begin XCConfigurationList section */
		3EE13B9A2C4F6B2900A8A61E /* Build configuration list for PBXProject "HyperChat" */ = {
			isa = XCConfigurationList;
			buildConfigurations = (
				3EE13B982C4F6B2900A8A61E /* Debug */,
				3EE13B992C4F6B2900A8A61E /* Release */,
			);
			defaultConfigurationIsVisible = 0;
			defaultConfigurationName = Release;
		};
		3EE13BA22C4F6B2900A8A61E /* Build configuration list for PBXNativeTarget "Hyperchat" */ = {
			isa = XCConfigurationList;
			buildConfigurations = (
				3EE13B982C4F6B2900A8A61E /* Debug */,
				3EE13B992C4F6B2900A8A61E /* Release */,
			);
			defaultConfigurationIsVisible = 0;
			defaultConfigurationName = Release;
		};
/* End XCConfigurationList section */

/* Begin XCRemoteSwiftPackageReference section */
		BE8135E22E01E24D0059C681 /* XCRemoteSwiftPackageReference "Sparkle" */ = {
			isa = XCRemoteSwiftPackageReference;
			repositoryURL = "https://github.com/sparkle-project/Sparkle";
			requirement = {
				kind = upToNextMajorVersion;
				minimumVersion = 2.7.1;
			};
		};
/* End XCRemoteSwiftPackageReference section */

/* Begin XCSwiftPackageProductDependency section */
		BE8135E32E01E24D0059C681 /* Sparkle */ = {
			isa = XCSwiftPackageProductDependency;
			package = BE8135E22E01E24D0059C681 /* XCRemoteSwiftPackageReference "Sparkle" */;
			productName = Sparkle;
		};
/* End XCSwiftPackageProductDependency section */
	};
	rootObject = 3EE13B842C4F6B2900A8A61E /* Project object */;
}
